// !$*UTF8*$!
{
	archiveVersion = 1;
	classes = {
	};
	objectVersion = 46;
	objects = {

/* Begin PBXBuildFile section */
		77BC0CB662FA7AABB4672FF7 /* Pods_AugmentedButtonExample.framework in Frameworks */ = {isa = PBXBuildFile; fileRef = EDC6265D914CF6E14D2999E9 /* Pods_AugmentedButtonExample.framework */; };
		A986946E1E11167F00FA44FD /* AppDelegate.swift in Sources */ = {isa = PBXBuildFile; fileRef = A986946D1E11167F00FA44FD /* AppDelegate.swift */; };
		A98694701E11167F00FA44FD /* ViewController.swift in Sources */ = {isa = PBXBuildFile; fileRef = A986946F1E11167F00FA44FD /* ViewController.swift */; };
		A98694731E11167F00FA44FD /* Main.storyboard in Resources */ = {isa = PBXBuildFile; fileRef = A98694711E11167F00FA44FD /* Main.storyboard */; };
		A98694751E11167F00FA44FD /* Assets.xcassets in Resources */ = {isa = PBXBuildFile; fileRef = A98694741E11167F00FA44FD /* Assets.xcassets */; };
		A98694781E11167F00FA44FD /* LaunchScreen.storyboard in Resources */ = {isa = PBXBuildFile; fileRef = A98694761E11167F00FA44FD /* LaunchScreen.storyboard */; };
/* End PBXBuildFile section */

/* Begin PBXFileReference section */
		4E49E67AA91E0A615F6327A5 /* Pods-AugmentedButtonExample.release.xcconfig */ = {isa = PBXFileReference; includeInIndex = 1; lastKnownFileType = text.xcconfig; name = "Pods-AugmentedButtonExample.release.xcconfig"; path = "Pods/Target Support Files/Pods-AugmentedButtonExample/Pods-AugmentedButtonExample.release.xcconfig"; sourceTree = "<group>"; };
		57A32DAA916258B4C99DF682 /* Pods-AugmentedButtonExample.debug.xcconfig */ = {isa = PBXFileReference; includeInIndex = 1; lastKnownFileType = text.xcconfig; name = "Pods-AugmentedButtonExample.debug.xcconfig"; path = "Pods/Target Support Files/Pods-AugmentedButtonExample/Pods-AugmentedButtonExample.debug.xcconfig"; sourceTree = "<group>"; };
		A986946A1E11167F00FA44FD /* AugmentedButtonExample.app */ = {isa = PBXFileReference; explicitFileType = wrapper.application; includeInIndex = 0; path = AugmentedButtonExample.app; sourceTree = BUILT_PRODUCTS_DIR; };
		A986946D1E11167F00FA44FD /* AppDelegate.swift */ = {isa = PBXFileReference; lastKnownFileType = sourcecode.swift; path = AppDelegate.swift; sourceTree = "<group>"; };
		A986946F1E11167F00FA44FD /* ViewController.swift */ = {isa = PBXFileReference; lastKnownFileType = sourcecode.swift; path = ViewController.swift; sourceTree = "<group>"; };
		A98694721E11167F00FA44FD /* Base */ = {isa = PBXFileReference; lastKnownFileType = file.storyboard; name = Base; path = Base.lproj/Main.storyboard; sourceTree = "<group>"; };
		A98694741E11167F00FA44FD /* Assets.xcassets */ = {isa = PBXFileReference; lastKnownFileType = folder.assetcatalog; path = Assets.xcassets; sourceTree = "<group>"; };
		A98694771E11167F00FA44FD /* Base */ = {isa = PBXFileReference; lastKnownFileType = file.storyboard; name = Base; path = Base.lproj/LaunchScreen.storyboard; sourceTree = "<group>"; };
		A98694791E11167F00FA44FD /* Info.plist */ = {isa = PBXFileReference; lastKnownFileType = text.plist.xml; path = Info.plist; sourceTree = "<group>"; };
		EDC6265D914CF6E14D2999E9 /* Pods_AugmentedButtonExample.framework */ = {isa = PBXFileReference; explicitFileType = wrapper.framework; includeInIndex = 0; path = Pods_AugmentedButtonExample.framework; sourceTree = BUILT_PRODUCTS_DIR; };
/* End PBXFileReference section */

/* Begin PBXFrameworksBuildPhase section */
		A98694671E11167F00FA44FD /* Frameworks */ = {
			isa = PBXFrameworksBuildPhase;
			buildActionMask = 2147483647;
			files = (
				77BC0CB662FA7AABB4672FF7 /* Pods_AugmentedButtonExample.framework in Frameworks */,
			);
			runOnlyForDeploymentPostprocessing = 0;
		};
/* End PBXFrameworksBuildPhase section */

/* Begin PBXGroup section */
		04DFBA1FC66836BAB6C4F4FF /* Pods */ = {
			isa = PBXGroup;
			children = (
				57A32DAA916258B4C99DF682 /* Pods-AugmentedButtonExample.debug.xcconfig */,
				4E49E67AA91E0A615F6327A5 /* Pods-AugmentedButtonExample.release.xcconfig */,
			);
			name = Pods;
			sourceTree = "<group>";
		};
		506772E1F5BB4EE46424A1BF /* Frameworks */ = {
			isa = PBXGroup;
			children = (
				EDC6265D914CF6E14D2999E9 /* Pods_AugmentedButtonExample.framework */,
			);
			name = Frameworks;
			sourceTree = "<group>";
		};
		A98694611E11167F00FA44FD = {
			isa = PBXGroup;
			children = (
				A986946C1E11167F00FA44FD /* AugmentedButtonExample */,
				A986946B1E11167F00FA44FD /* Products */,
				04DFBA1FC66836BAB6C4F4FF /* Pods */,
				506772E1F5BB4EE46424A1BF /* Frameworks */,
			);
			sourceTree = "<group>";
		};
		A986946B1E11167F00FA44FD /* Products */ = {
			isa = PBXGroup;
			children = (
				A986946A1E11167F00FA44FD /* AugmentedButtonExample.app */,
			);
			name = Products;
			sourceTree = "<group>";
		};
		A986946C1E11167F00FA44FD /* AugmentedButtonExample */ = {
			isa = PBXGroup;
			children = (
				A986946D1E11167F00FA44FD /* AppDelegate.swift */,
				A986946F1E11167F00FA44FD /* ViewController.swift */,
				A98694711E11167F00FA44FD /* Main.storyboard */,
				A98694741E11167F00FA44FD /* Assets.xcassets */,
				A98694761E11167F00FA44FD /* LaunchScreen.storyboard */,
				A98694791E11167F00FA44FD /* Info.plist */,
			);
			path = AugmentedButtonExample;
			sourceTree = "<group>";
		};
/* End PBXGroup section */

/* Begin PBXNativeTarget section */
		A98694691E11167F00FA44FD /* AugmentedButtonExample */ = {
			isa = PBXNativeTarget;
			buildConfigurationList = A986947C1E11167F00FA44FD /* Build configuration list for PBXNativeTarget "AugmentedButtonExample" */;
			buildPhases = (
				E3C23DECB5BD86B41E0BCA0B /* [CP] Check Pods Manifest.lock */,
				A98694661E11167F00FA44FD /* Sources */,
				A98694671E11167F00FA44FD /* Frameworks */,
				A98694681E11167F00FA44FD /* Resources */,
				8DBA6FAE4A66345E3DAA4A40 /* [CP] Embed Pods Frameworks */,
				CAE2D44F0FA1CB4BFEA10594 /* [CP] Copy Pods Resources */,
			);
			buildRules = (
			);
			dependencies = (
			);
			name = AugmentedButtonExample;
			productName = AugmentedButtonExample;
			productReference = A986946A1E11167F00FA44FD /* AugmentedButtonExample.app */;
			productType = "com.apple.product-type.application";
		};
/* End PBXNativeTarget section */

/* Begin PBXProject section */
		A98694621E11167F00FA44FD /* Project object */ = {
			isa = PBXProject;
			attributes = {
				LastSwiftUpdateCheck = 0820;
				LastUpgradeCheck = 0820;
				ORGANIZATIONNAME = "Antonio Cabezuelo Vivo";
				TargetAttributes = {
					A98694691E11167F00FA44FD = {
						CreatedOnToolsVersion = 8.2.1;
						DevelopmentTeam = 22LB4KVNJZ;
						ProvisioningStyle = Automatic;
					};
				};
			};
			buildConfigurationList = A98694651E11167F00FA44FD /* Build configuration list for PBXProject "AugmentedButtonExample" */;
			compatibilityVersion = "Xcode 3.2";
			developmentRegion = English;
			hasScannedForEncodings = 0;
			knownRegions = (
				en,
				Base,
			);
			mainGroup = A98694611E11167F00FA44FD;
			productRefGroup = A986946B1E11167F00FA44FD /* Products */;
			projectDirPath = "";
			projectRoot = "";
			targets = (
				A98694691E11167F00FA44FD /* AugmentedButtonExample */,
			);
		};
/* End PBXProject section */

/* Begin PBXResourcesBuildPhase section */
		A98694681E11167F00FA44FD /* Resources */ = {
			isa = PBXResourcesBuildPhase;
			buildActionMask = 2147483647;
			files = (
				A98694781E11167F00FA44FD /* LaunchScreen.storyboard in Resources */,
				A98694751E11167F00FA44FD /* Assets.xcassets in Resources */,
				A98694731E11167F00FA44FD /* Main.storyboard in Resources */,
			);
			runOnlyForDeploymentPostprocessing = 0;
		};
/* End PBXResourcesBuildPhase section */

/* Begin PBXShellScriptBuildPhase section */
		8DBA6FAE4A66345E3DAA4A40 /* [CP] Embed Pods Frameworks */ = {
			isa = PBXShellScriptBuildPhase;
			buildActionMask = 2147483647;
			files = (
			);
			inputPaths = (
			);
			name = "[CP] Embed Pods Frameworks";
			outputPaths = (
			);
			runOnlyForDeploymentPostprocessing = 0;
			shellPath = /bin/sh;
			shellScript = "\"${SRCROOT}/Pods/Target Support Files/Pods-AugmentedButtonExample/Pods-AugmentedButtonExample-frameworks.sh\"\n";
			showEnvVarsInLog = 0;
		};
		CAE2D44F0FA1CB4BFEA10594 /* [CP] Copy Pods Resources */ = {
			isa = PBXShellScriptBuildPhase;
			buildActionMask = 2147483647;
			files = (
			);
			inputPaths = (
			);
			name = "[CP] Copy Pods Resources";
			outputPaths = (
			);
			runOnlyForDeploymentPostprocessing = 0;
			shellPath = /bin/sh;
			shellScript = "\"${SRCROOT}/Pods/Target Support Files/Pods-AugmentedButtonExample/Pods-AugmentedButtonExample-resources.sh\"\n";
			showEnvVarsInLog = 0;
		};
		E3C23DECB5BD86B41E0BCA0B /* [CP] Check Pods Manifest.lock */ = {
			isa = PBXShellScriptBuildPhase;
			buildActionMask = 2147483647;
			files = (
			);
			inputPaths = (
			);
			name = "[CP] Check Pods Manifest.lock";
			outputPaths = (
			);
			runOnlyForDeploymentPostprocessing = 0;
			shellPath = /bin/sh;
			shellScript = "diff \"${PODS_ROOT}/../Podfile.lock\" \"${PODS_ROOT}/Manifest.lock\" > /dev/null\nif [ $? != 0 ] ; then\n    # print error to STDERR\n    echo \"error: The sandbox is not in sync with the Podfile.lock. Run 'pod install' or update your CocoaPods installation.\" >&2\n    exit 1\nfi\n";
			showEnvVarsInLog = 0;
		};
/* End PBXShellScriptBuildPhase section */

/* Begin PBXSourcesBuildPhase section */
		A98694661E11167F00FA44FD /* Sources */ = {
			isa = PBXSourcesBuildPhase;
			buildActionMask = 2147483647;
			files = (
				A98694701E11167F00FA44FD /* ViewController.swift in Sources */,
				A986946E1E11167F00FA44FD /* AppDelegate.swift in Sources */,
			);
			runOnlyForDeploymentPostprocessing = 0;
		};
/* End PBXSourcesBuildPhase section */

/* Begin PBXVariantGroup section */
		A98694711E11167F00FA44FD /* Main.storyboard */ = {
			isa = PBXVariantGroup;
			children = (
				A98694721E11167F00FA44FD /* Base */,
			);
			name = Main.storyboard;
			sourceTree = "<group>";
		};
		A98694761E11167F00FA44FD /* LaunchScreen.storyboard */ = {
			isa = PBXVariantGroup;
			children = (
				A98694771E11167F00FA44FD /* Base */,
			);
			name = LaunchScreen.storyboard;
			sourceTree = "<group>";
		};
/* End PBXVariantGroup section */

/* Begin XCBuildConfiguration section */
		A986947A1E11167F00FA44FD /* Debug */ = {
			isa = XCBuildConfiguration;
			buildSettings = {
				ALWAYS_SEARCH_USER_PATHS = NO;
				CLANG_ANALYZER_NONNULL = YES;
				CLANG_CXX_LANGUAGE_STANDARD = "gnu++0x";
				CLANG_CXX_LIBRARY = "libc++";
				CLANG_ENABLE_MODULES = YES;
				CLANG_ENABLE_OBJC_ARC = YES;
				CLANG_WARN_BOOL_CONVERSION = YES;
				CLANG_WARN_CONSTANT_CONVERSION = YES;
				CLANG_WARN_DIRECT_OBJC_ISA_USAGE = YES_ERROR;
				CLANG_WARN_DOCUMENTATION_COMMENTS = YES;
				CLANG_WARN_EMPTY_BODY = YES;
				CLANG_WARN_ENUM_CONVERSION = YES;
				CLANG_WARN_INFINITE_RECURSION = YES;
				CLANG_WARN_INT_CONVERSION = YES;
				CLANG_WARN_OBJC_ROOT_CLASS = YES_ERROR;
				CLANG_WARN_SUSPICIOUS_MOVE = YES;
				CLANG_WARN_UNREACHABLE_CODE = YES;
				CLANG_WARN__DUPLICATE_METHOD_MATCH = YES;
				"CODE_SIGN_IDENTITY[sdk=iphoneos*]" = "iPhone Developer";
				COPY_PHASE_STRIP = NO;
				DEBUG_INFORMATION_FORMAT = dwarf;
				ENABLE_STRICT_OBJC_MSGSEND = YES;
				ENABLE_TESTABILITY = YES;
				GCC_C_LANGUAGE_STANDARD = gnu99;
				GCC_DYNAMIC_NO_PIC = NO;
				GCC_NO_COMMON_BLOCKS = YES;
				GCC_OPTIMIZATION_LEVEL = 0;
				GCC_PREPROCESSOR_DEFINITIONS = (
					"DEBUG=1",
					"$(inherited)",
				);
				GCC_WARN_64_TO_32_BIT_CONVERSION = YES;
				GCC_WARN_ABOUT_RETURN_TYPE = YES_ERROR;
				GCC_WARN_UNDECLARED_SELECTOR = YES;
				GCC_WARN_UNINITIALIZED_AUTOS = YES_AGGRESSIVE;
				GCC_WARN_UNUSED_FUNCTION = YES;
				GCC_WARN_UNUSED_VARIABLE = YES;
				IPHONEOS_DEPLOYMENT_TARGET = 10.2;
				MTL_ENABLE_DEBUG_INFO = YES;
				ONLY_ACTIVE_ARCH = YES;
				SDKROOT = iphoneos;
				SWIFT_ACTIVE_COMPILATION_CONDITIONS = DEBUG;
				SWIFT_OPTIMIZATION_LEVEL = "-Onone";
			};
			name = Debug;
		};
		A986947B1E11167F00FA44FD /* Release */ = {
			isa = XCBuildConfiguration;
			buildSettings = {
				ALWAYS_SEARCH_USER_PATHS = NO;
				CLANG_ANALYZER_NONNULL = YES;
				CLANG_CXX_LANGUAGE_STANDARD = "gnu++0x";
				CLANG_CXX_LIBRARY = "libc++";
				CLANG_ENABLE_MODULES = YES;
				CLANG_ENABLE_OBJC_ARC = YES;
				CLANG_WARN_BOOL_CONVERSION = YES;
				CLANG_WARN_CONSTANT_CONVERSION = YES;
				CLANG_WARN_DIRECT_OBJC_ISA_USAGE = YES_ERROR;
				CLANG_WARN_DOCUMENTATION_COMMENTS = YES;
				CLANG_WARN_EMPTY_BODY = YES;
				CLANG_WARN_ENUM_CONVERSION = YES;
				CLANG_WARN_INFINITE_RECURSION = YES;
				CLANG_WARN_INT_CONVERSION = YES;
				CLANG_WARN_OBJC_ROOT_CLASS = YES_ERROR;
				CLANG_WARN_SUSPICIOUS_MOVE = YES;
				CLANG_WARN_UNREACHABLE_CODE = YES;
				CLANG_WARN__DUPLICATE_METHOD_MATCH = YES;
				"CODE_SIGN_IDENTITY[sdk=iphoneos*]" = "iPhone Developer";
				COPY_PHASE_STRIP = NO;
				DEBUG_INFORMATION_FORMAT = "dwarf-with-dsym";
				ENABLE_NS_ASSERTIONS = NO;
				ENABLE_STRICT_OBJC_MSGSEND = YES;
				GCC_C_LANGUAGE_STANDARD = gnu99;
				GCC_NO_COMMON_BLOCKS = YES;
				GCC_WARN_64_TO_32_BIT_CONVERSION = YES;
				GCC_WARN_ABOUT_RETURN_TYPE = YES_ERROR;
				GCC_WARN_UNDECLARED_SELECTOR = YES;
				GCC_WARN_UNINITIALIZED_AUTOS = YES_AGGRESSIVE;
				GCC_WARN_UNUSED_FUNCTION = YES;
				GCC_WARN_UNUSED_VARIABLE = YES;
				IPHONEOS_DEPLOYMENT_TARGET = 10.2;
				MTL_ENABLE_DEBUG_INFO = NO;
				SDKROOT = iphoneos;
				SWIFT_OPTIMIZATION_LEVEL = "-Owholemodule";
				VALIDATE_PRODUCT = YES;
			};
			name = Release;
		};
		A986947D1E11167F00FA44FD /* Debug */ = {
			isa = XCBuildConfiguration;
			baseConfigurationReference = 57A32DAA916258B4C99DF682 /* Pods-AugmentedButtonExample.debug.xcconfig */;
			buildSettings = {
				ASSETCATALOG_COMPILER_APPICON_NAME = AppIcon;
				DEVELOPMENT_TEAM = 22LB4KVNJZ;
				INFOPLIST_FILE = AugmentedButtonExample/Info.plist;
				LD_RUNPATH_SEARCH_PATHS = "$(inherited) @executable_path/Frameworks";
				PRODUCT_BUNDLE_IDENTIFIER = com.tas.AugmentedButtonExample;
				PRODUCT_NAME = "$(TARGET_NAME)";
				SWIFT_VERSION = 3.0;
			};
			name = Debug;
		};
		A986947E1E11167F00FA44FD /* Release */ = {
			isa = XCBuildConfiguration;
			baseConfigurationReference = 4E49E67AA91E0A615F6327A5 /* Pods-AugmentedButtonExample.release.xcconfig */;
			buildSettings = {
				ASSETCATALOG_COMPILER_APPICON_NAME = AppIcon;
				DEVELOPMENT_TEAM = 22LB4KVNJZ;
				INFOPLIST_FILE = AugmentedButtonExample/Info.plist;
				LD_RUNPATH_SEARCH_PATHS = "$(inherited) @executable_path/Frameworks";
				PRODUCT_BUNDLE_IDENTIFIER = com.tas.AugmentedButtonExample;
				PRODUCT_NAME = "$(TARGET_NAME)";
				SWIFT_VERSION = 3.0;
			};
			name = Release;
		};
/* End XCBuildConfiguration section */

/* Begin XCConfigurationList section */
		A98694651E11167F00FA44FD /* Build configuration list for PBXProject "AugmentedButtonExample" */ = {
			isa = XCConfigurationList;
			buildConfigurations = (
				A986947A1E11167F00FA44FD /* Debug */,
				A986947B1E11167F00FA44FD /* Release */,
			);
			defaultConfigurationIsVisible = 0;
			defaultConfigurationName = Release;
		};
		A986947C1E11167F00FA44FD /* Build configuration list for PBXNativeTarget "AugmentedButtonExample" */ = {
			isa = XCConfigurationList;
			buildConfigurations = (
				A986947D1E11167F00FA44FD /* Debug */,
				A986947E1E11167F00FA44FD /* Release */,
			);
			defaultConfigurationIsVisible = 0;
		};
/* End XCConfigurationList section */
	};
	rootObject = A98694621E11167F00FA44FD /* Project object */;
}
